
Microsoft Visual Studio Solution File, Format Version 12.00
# Visual Studio Version 17
VisualStudioVersion = 17.10.35201.131
MinimumVisualStudioVersion = 10.0.40219.1
Project("{FAE04EC0-301F-11D3-BF4B-00C04F79EFBC}") = "FinalTermPracticalClient", "FinalTermPracticalClient\FinalTermPracticalClient.csproj", "{7225574E-6190-4FFD-8C9A-6C04DC0863BB}"
EndProject
Project("{FAE04EC0-301F-11D3-BF4B-00C04F79EFBC}") = "FinalTermPracticalService", "FinalTermPracticalService\FinalTermPracticalService.csproj", "{9EDC9159-AA69-4CDB-B93B-AD42D06F61CD}"
EndProject
Global
	GlobalSection(SolutionConfigurationPlatforms) = preSolution
		Debug|Any CPU = Debug|Any CPU
		Release|Any CPU = Release|Any CPU
	EndGlobalSection
	GlobalSection(ProjectConfigurationPlatforms) = postSolution
		{7225574E-6190-4FFD-8C9A-6C04DC0863BB}.Debug|Any CPU.ActiveCfg = Debug|Any CPU
		{7225574E-6190-4FFD-8C9A-6C04DC0863BB}.Debug|Any CPU.Build.0 = Debug|Any CPU
		{7225574E-6190-4FFD-8C9A-6C04DC0863BB}.Release|Any CPU.ActiveCfg = Release|Any CPU
		{7225574E-6190-4FFD-8C9A-6C04DC0863BB}.Release|Any CPU.Build.0 = Release|Any CPU
		{9EDC9159-AA69-4CDB-B93B-AD42D06F61CD}.Debug|Any CPU.ActiveCfg = Debug|Any CPU
		{9EDC9159-AA69-4CDB-B93B-AD42D06F61CD}.Debug|Any CPU.Build.0 = Debug|Any CPU
		{9EDC9159-AA69-4CDB-B93B-AD42D06F61CD}.Release|Any CPU.ActiveCfg = Release|Any CPU
		{9EDC9159-AA69-4CDB-B93B-AD42D06F61CD}.Release|Any CPU.Build.0 = Release|Any CPU
	EndGlobalSection
	GlobalSection(SolutionProperties) = preSolution
		HideSolutionNode = FALSE
	EndGlobalSection
	GlobalSection(ExtensibilityGlobals) = postSolution
		SolutionGuid = {B43A29DB-1BFC-4F3C-9244-3E2A32C2CF97}
	EndGlobalSection
EndGlobal
